
Microsoft Visual Studio Solution File, Format Version 12.00
# Visual Studio Version 16
VisualStudioVersion = 16.0.31019.35
MinimumVisualStudioVersion = 10.0.40219.1
Project("{8BC9CEB8-8B4A-11D0-8D11-00A0C91BC942}") = "translator dziesietny na hex i bin", "translator dziesietny na hex i bin\translator dziesietny na hex i bin.vcxproj", "{531D99CB-25AA-4A11-A645-ED97BF063BB5}"
EndProject
Global
	GlobalSection(SolutionConfigurationPlatforms) = preSolution
		Debug|x64 = Debug|x64
		Debug|x86 = Debug|x86
		Release|x64 = Release|x64
		Release|x86 = Release|x86
	EndGlobalSection
	GlobalSection(ProjectConfigurationPlatforms) = postSolution
		{531D99CB-25AA-4A11-A645-ED97BF063BB5}.Debug|x64.ActiveCfg = Debug|x64
		{531D99CB-25AA-4A11-A645-ED97BF063BB5}.Debug|x64.Build.0 = Debug|x64
		{531D99CB-25AA-4A11-A645-ED97BF063BB5}.Debug|x86.ActiveCfg = Debug|Win32
		{531D99CB-25AA-4A11-A645-ED97BF063BB5}.Debug|x86.Build.0 = Debug|Win32
		{531D99CB-25AA-4A11-A645-ED97BF063BB5}.Release|x64.ActiveCfg = Release|x64
		{531D99CB-25AA-4A11-A645-ED97BF063BB5}.Release|x64.Build.0 = Release|x64
		{531D99CB-25AA-4A11-A645-ED97BF063BB5}.Release|x86.ActiveCfg = Release|Win32
		{531D99CB-25AA-4A11-A645-ED97BF063BB5}.Release|x86.Build.0 = Release|Win32
	EndGlobalSection
	GlobalSection(SolutionProperties) = preSolution
		HideSolutionNode = FALSE
	EndGlobalSection
	GlobalSection(ExtensibilityGlobals) = postSolution
		SolutionGuid = {E94CF430-687E-458D-A36C-2BEA84CE3968}
	EndGlobalSection
EndGlobal
