
Microsoft Visual Studio Solution File, Format Version 12.00
# Visual Studio Version 16
VisualStudioVersion = 16.0.31019.35
MinimumVisualStudioVersion = 10.0.40219.1
Project("{8BC9CEB8-8B4A-11D0-8D11-00A0C91BC942}") = "Zakas", "Zakas\Zakas.vcxproj", "{A903FB89-DB51-46F9-BC62-88E677E5749B}"
EndProject
Global
	GlobalSection(SolutionConfigurationPlatforms) = preSolution
		Debug|x64 = Debug|x64
		Debug|x86 = Debug|x86
		Release|x64 = Release|x64
		Release|x86 = Release|x86
	EndGlobalSection
	GlobalSection(ProjectConfigurationPlatforms) = postSolution
		{A903FB89-DB51-46F9-BC62-88E677E5749B}.Debug|x64.ActiveCfg = Debug|x64
		{A903FB89-DB51-46F9-BC62-88E677E5749B}.Debug|x64.Build.0 = Debug|x64
		{A903FB89-DB51-46F9-BC62-88E677E5749B}.Debug|x86.ActiveCfg = Debug|Win32
		{A903FB89-DB51-46F9-BC62-88E677E5749B}.Debug|x86.Build.0 = Debug|Win32
		{A903FB89-DB51-46F9-BC62-88E677E5749B}.Release|x64.ActiveCfg = Release|x64
		{A903FB89-DB51-46F9-BC62-88E677E5749B}.Release|x64.Build.0 = Release|x64
		{A903FB89-DB51-46F9-BC62-88E677E5749B}.Release|x86.ActiveCfg = Release|Win32
		{A903FB89-DB51-46F9-BC62-88E677E5749B}.Release|x86.Build.0 = Release|Win32
	EndGlobalSection
	GlobalSection(SolutionProperties) = preSolution
		HideSolutionNode = FALSE
	EndGlobalSection
	GlobalSection(ExtensibilityGlobals) = postSolution
		SolutionGuid = {E989025F-7444-4E8D-B716-57E64F2BCEFF}
	EndGlobalSection
EndGlobal
